# This file is autogenerated, do not edit; changes may be undone by the next 'dep ensure'.


[[projects]]
  branch = "master"
  name = "github.com/dsnet/compress"
  packages = [".","bzip2","bzip2/internal/sais","internal","internal/errors","internal/prefix"]
  revision = "cc9eb1d7ad760af14e8f918698f745e80377af4f"

[[projects]]
  name = "github.com/ulikunitz/xz"
  packages = [".","internal/hash","internal/xlog","lzma"]
  revision = "0c6b41e72360850ca4f98dc341fd999726ea007f"
  version = "v0.5.4"

[solve-meta]
  analyzer-name = "dep"
  analyzer-version = 1
  inputs-digest = "0b3c3c6887566280af811b1d1ab939253a456160c0fb1febcf403fafca79a109"
  solver-name = "gps-cdcl"
  solver-version = 1
